
Microsoft Visual Studio Solution File, Format Version 12.00
# Visual Studio Version 17
VisualStudioVersion = 17.3.32922.545
MinimumVisualStudioVersion = 10.0.40219.1
Project("{FAE04EC0-301F-11D3-BF4B-00C04F79EFBC}") = "MarTestDbCon3", "MarTestDbCon3\MarTestDbCon3.csproj", "{43E7373F-3B72-438F-8563-CC3476A037F3}"
EndProject
Global
	GlobalSection(SolutionConfigurationPlatforms) = preSolution
		Debug|Any CPU = Debug|Any CPU
		Release|Any CPU = Release|Any CPU
	EndGlobalSection
	GlobalSection(ProjectConfigurationPlatforms) = postSolution
		{43E7373F-3B72-438F-8563-CC3476A037F3}.Debug|Any CPU.ActiveCfg = Debug|Any CPU
		{43E7373F-3B72-438F-8563-CC3476A037F3}.Debug|Any CPU.Build.0 = Debug|Any CPU
		{43E7373F-3B72-438F-8563-CC3476A037F3}.Release|Any CPU.ActiveCfg = Release|Any CPU
		{43E7373F-3B72-438F-8563-CC3476A037F3}.Release|Any CPU.Build.0 = Release|Any CPU
	EndGlobalSection
	GlobalSection(SolutionProperties) = preSolution
		HideSolutionNode = FALSE
	EndGlobalSection
	GlobalSection(ExtensibilityGlobals) = postSolution
		SolutionGuid = {5947E29D-17A5-4498-B266-92144D2ADAAD}
	EndGlobalSection
EndGlobal
